
Microsoft Visual Studio Solution File, Format Version 12.00
# Visual Studio 15
VisualStudioVersion = 15.0.28307.539
MinimumVisualStudioVersion = 10.0.40219.1
Project("{FAE04EC0-301F-11D3-BF4B-00C04F79EFBC}") = "TmsFrontend", "TmsFrontend\TmsFrontend.csproj", "{C8051F61-BB5D-47A9-B0CC-636D2248FBC4}"
EndProject
Global
	GlobalSection(SolutionConfigurationPlatforms) = preSolution
		Debug|Any CPU = Debug|Any CPU
		Release|Any CPU = Release|Any CPU
	EndGlobalSection
	GlobalSection(ProjectConfigurationPlatforms) = postSolution
		{C8051F61-BB5D-47A9-B0CC-636D2248FBC4}.Debug|Any CPU.ActiveCfg = Debug|Any CPU
		{C8051F61-BB5D-47A9-B0CC-636D2248FBC4}.Debug|Any CPU.Build.0 = Debug|Any CPU
		{C8051F61-BB5D-47A9-B0CC-636D2248FBC4}.Release|Any CPU.ActiveCfg = Release|Any CPU
		{C8051F61-BB5D-47A9-B0CC-636D2248FBC4}.Release|Any CPU.Build.0 = Release|Any CPU
	EndGlobalSection
	GlobalSection(SolutionProperties) = preSolution
		HideSolutionNode = FALSE
	EndGlobalSection
	GlobalSection(ExtensibilityGlobals) = postSolution
		SolutionGuid = {5B10F148-F7F0-49C0-A9BF-03EF2B47BEEE}
	EndGlobalSection
EndGlobal
